
Microsoft Visual Studio Solution File, Format Version 12.00
# Visual Studio 15
VisualStudioVersion = 15.0.28307.705
MinimumVisualStudioVersion = 10.0.40219.1
Project("{FAE04EC0-301F-11D3-BF4B-00C04F79EFBC}") = "Visual_Calculator", "Visual_Calculator\Visual_Calculator.csproj", "{248F71DB-8BA1-4917-80D9-99BCB753C276}"
EndProject
Global
	GlobalSection(SolutionConfigurationPlatforms) = preSolution
		Debug|Any CPU = Debug|Any CPU
		Release|Any CPU = Release|Any CPU
	EndGlobalSection
	GlobalSection(ProjectConfigurationPlatforms) = postSolution
		{248F71DB-8BA1-4917-80D9-99BCB753C276}.Debug|Any CPU.ActiveCfg = Debug|Any CPU
		{248F71DB-8BA1-4917-80D9-99BCB753C276}.Debug|Any CPU.Build.0 = Debug|Any CPU
		{248F71DB-8BA1-4917-80D9-99BCB753C276}.Release|Any CPU.ActiveCfg = Release|Any CPU
		{248F71DB-8BA1-4917-80D9-99BCB753C276}.Release|Any CPU.Build.0 = Release|Any CPU
	EndGlobalSection
	GlobalSection(SolutionProperties) = preSolution
		HideSolutionNode = FALSE
	EndGlobalSection
	GlobalSection(ExtensibilityGlobals) = postSolution
		SolutionGuid = {3B7B5E16-7A8A-4174-99F9-4ABBDA64269E}
	EndGlobalSection
EndGlobal
